{
  "name": "starbs",
  "version": "1.0.0",
  "lockfileVersion": 1,
  "requires": true,
  "dependencies": {
    "bluebird": {
      "version": "3.5.1",
      "resolved": "https://registry.npmjs.org/bluebird/-/bluebird-3.5.1.tgz",
      "integrity": "sha512-MKiLiV+I1AA596t9w1sQJ8jkiSr5+ZKi0WKrYGUn6d1Fx+Ij4tIj+m2WMQSGczs5jZVxV339chE8iwk6F64wjA==",
      "dev": true
    },
    "charenc": {
      "version": "0.0.2",
      "resolved": "https://registry.npmjs.org/charenc/-/charenc-0.0.2.tgz",
      "integrity": "sha1-wKHS86cJLgN3S/qD8UwPxXkKhmc="
    },
    "crypt": {
      "version": "0.0.2",
      "resolved": "https://registry.npmjs.org/crypt/-/crypt-0.0.2.tgz",
      "integrity": "sha1-iNf/fsDfuG9xPch7u0LQRNPmxBs="
    },
    "file-type": {
      "version": "8.0.0",
      "resolved": "https://registry.npmjs.org/file-type/-/file-type-8.0.0.tgz",
      "integrity": "sha512-vaWQ+6lIlPyzIRSqxcSaOhTPLOWTdVuzSwDvfOKEcnJS7B0yzJHMzAG8Z3+qNBXS7CPP/7PsGLTlAmRq0X5A+w=="
    },
    "hashids": {
      "version": "1.1.4",
      "resolved": "https://registry.npmjs.org/hashids/-/hashids-1.1.4.tgz",
      "integrity": "sha512-U/fnTE3edW0AV92ZI/BfEluMZuVcu3MDOopsN7jS+HqDYcarQo8rXQiWlsBlm0uX48/taYSdxRsfzh2HRg5Z6w=="
    },
    "image-type": {
      "version": "3.0.0",
      "resolved": "https://registry.npmjs.org/image-type/-/image-type-3.0.0.tgz",
      "integrity": "sha1-FQKvMTX5BuEiyHfDHpSve3qRRsU=",
      "requires": {
        "file-type": "^4.1.0"
      },
      "dependencies": {
        "file-type": {
          "version": "4.4.0",
          "resolved": "https://registry.npmjs.org/file-type/-/file-type-4.4.0.tgz",
          "integrity": "sha1-G2AOX8ofvcboDApwxxyNul95BsU="
        }
      }
    },
    "kew": {
      "version": "0.7.0",
      "resolved": "https://registry.npmjs.org/kew/-/kew-0.7.0.tgz",
      "integrity": "sha1-edk9LTM2PW/dKXCzNdkUGtWR15s="
    },
    "parse-multipart": {
      "version": "1.0.4",
      "resolved": "https://registry.npmjs.org/parse-multipart/-/parse-multipart-1.0.4.tgz",
      "integrity": "sha1-dnuHiLJIe4e4OhlhXNa6eKjRRJI="
    },
    "serverless-apigw-binary": {
      "version": "0.4.4",
      "resolved": "https://registry.npmjs.org/serverless-apigw-binary/-/serverless-apigw-binary-0.4.4.tgz",
      "integrity": "sha512-2DJmQTzeXa/+8u9ekReqf7j4gQjBtzQE4MK9nlOnEz4F7MVWCQXYlLPmf2TXSoxxJZzlWvIiNzCTq6vAT9F5FQ==",
      "dev": true
    },
    "serverless-apigwy-binary": {
      "version": "0.1.0",
      "resolved": "https://registry.npmjs.org/serverless-apigwy-binary/-/serverless-apigwy-binary-0.1.0.tgz",
      "integrity": "sha1-OgrE5PCVXAxJ8fHzxjJEB5pIJOg=",
      "dev": true,
      "requires": {
        "bluebird": "^3.5.0"
      }
    },
    "sha1": {
      "version": "1.1.1",
      "resolved": "https://registry.npmjs.org/sha1/-/sha1-1.1.1.tgz",
      "integrity": "sha1-rdqnqTFo85PxnrKxUJFhjicA+Eg=",
      "requires": {
        "charenc": ">= 0.0.1",
        "crypt": ">= 0.0.1"
      }
    },
    "validator": {
      "version": "10.4.0",
      "resolved": "https://registry.npmjs.org/validator/-/validator-10.4.0.tgz",
      "integrity": "sha512-Q/wBy3LB1uOyssgNlXSRmaf22NxjvDNZM2MtIQ4jaEOAB61xsh1TQxsq1CgzUMBV1lDrVMogIh8GjG1DYW0zLg=="
    }
  }
}
